{
	"name": "c0-snippets",
	"version": "1.0.1",
	"lockfileVersion": 2,
	"requires": true,
	"packages": {
		"": {
			"name": "c0-snippets",
			"version": "1.0.1",
			"devDependencies": {
				"@types/vscode": "^1.39.0",
				"typescript": "^4.2.4"
			},
			"engines": {
				"vscode": "^1.55.2"
			}
		},
		"node_modules/@types/vscode": {
			"version": "1.39.0",
			"resolved": "https://registry.npmjs.org/@types/vscode/-/vscode-1.39.0.tgz",
			"integrity": "sha512-rlg0okXDt7NjAyHXbZ2nO1I/VY/8y9w67ltLRrOxXQ46ayvrYZavD4A6zpYrGbs2+ZOEQzcUs+QZOqcVGQIxXQ==",
			"dev": true
		},
		"node_modules/typescript": {
			"version": "4.2.4",
			"resolved": "https://registry.npmjs.org/typescript/-/typescript-4.2.4.tgz",
			"integrity": "sha512-V+evlYHZnQkaz8TRBuxTA92yZBPotr5H+WhQ7bD3hZUndx5tGOa1fuCgeSjxAzM1RiN5IzvadIXTVefuuwZCRg==",
			"dev": true,
			"bin": {
				"tsc": "bin/tsc",
				"tsserver": "bin/tsserver"
			},
			"engines": {
				"node": ">=4.2.0"
			}
		}
	},
	"dependencies": {
		"@types/vscode": {
			"version": "1.39.0",
			"resolved": "https://registry.npmjs.org/@types/vscode/-/vscode-1.39.0.tgz",
			"integrity": "sha512-rlg0okXDt7NjAyHXbZ2nO1I/VY/8y9w67ltLRrOxXQ46ayvrYZavD4A6zpYrGbs2+ZOEQzcUs+QZOqcVGQIxXQ==",
			"dev": true
		},
		"typescript": {
			"version": "4.2.4",
			"resolved": "https://registry.npmjs.org/typescript/-/typescript-4.2.4.tgz",
			"integrity": "sha512-V+evlYHZnQkaz8TRBuxTA92yZBPotr5H+WhQ7bD3hZUndx5tGOa1fuCgeSjxAzM1RiN5IzvadIXTVefuuwZCRg==",
			"dev": true
		}
	}
}
